
Microsoft Visual Studio Solution File, Format Version 12.00
# Visual Studio Version 16
VisualStudioVersion = 16.0.30204.135
MinimumVisualStudioVersion = 10.0.40219.1
Project("{FAE04EC0-301F-11D3-BF4B-00C04F79EFBC}") = "ArmTemplates", "ArmTemplates\ArmTemplates.csproj", "{10F3546B-C22F-48A6-982D-0166619480AD}"
EndProject
Project("{151D2E53-A2C4-4D7D-83FE-D05416EBD58E}") = "ArmTemplates.Templates", "ArmTemplates.Templates\ArmTemplates.Templates.deployproj", "{E2249B53-F5AD-4306-A78B-B65CEBA52F41}"
EndProject
Global
	GlobalSection(SolutionConfigurationPlatforms) = preSolution
		Debug|Any CPU = Debug|Any CPU
		Release|Any CPU = Release|Any CPU
	EndGlobalSection
	GlobalSection(ProjectConfigurationPlatforms) = postSolution
		{10F3546B-C22F-48A6-982D-0166619480AD}.Debug|Any CPU.ActiveCfg = Debug|Any CPU
		{10F3546B-C22F-48A6-982D-0166619480AD}.Debug|Any CPU.Build.0 = Debug|Any CPU
		{10F3546B-C22F-48A6-982D-0166619480AD}.Release|Any CPU.ActiveCfg = Release|Any CPU
		{10F3546B-C22F-48A6-982D-0166619480AD}.Release|Any CPU.Build.0 = Release|Any CPU
		{E2249B53-F5AD-4306-A78B-B65CEBA52F41}.Debug|Any CPU.ActiveCfg = Debug|Any CPU
		{E2249B53-F5AD-4306-A78B-B65CEBA52F41}.Debug|Any CPU.Build.0 = Debug|Any CPU
		{E2249B53-F5AD-4306-A78B-B65CEBA52F41}.Release|Any CPU.ActiveCfg = Release|Any CPU
		{E2249B53-F5AD-4306-A78B-B65CEBA52F41}.Release|Any CPU.Build.0 = Release|Any CPU
	EndGlobalSection
	GlobalSection(SolutionProperties) = preSolution
		HideSolutionNode = FALSE
	EndGlobalSection
	GlobalSection(ExtensibilityGlobals) = postSolution
		SolutionGuid = {542D1B75-875E-4F88-A025-A54FB3E149C3}
	EndGlobalSection
EndGlobal
